// !$*UTF8*$!
{
	archiveVersion = 1;
	classes = {
	};
	objectVersion = 50;
	objects = {

/* Begin PBXBuildFile section */
		2CE65112208E007900E07B28 /* AppDelegate.swift in Sources */ = {isa = PBXBuildFile; fileRef = 2CE65111208E007900E07B28 /* AppDelegate.swift */; };
		2CE65114208E007900E07B28 /* ViewController.swift in Sources */ = {isa = PBXBuildFile; fileRef = 2CE65113208E007900E07B28 /* ViewController.swift */; };
		2CE65117208E007900E07B28 /* Main.storyboard in Resources */ = {isa = PBXBuildFile; fileRef = 2CE65115208E007900E07B28 /* Main.storyboard */; };
		2CE6511A208E007900E07B28 /* Coredata_Tutorial.xcdatamodeld in Sources */ = {isa = PBXBuildFile; fileRef = 2CE65118208E007900E07B28 /* Coredata_Tutorial.xcdatamodeld */; };
		2CE6511C208E007900E07B28 /* Assets.xcassets in Resources */ = {isa = PBXBuildFile; fileRef = 2CE6511B208E007900E07B28 /* Assets.xcassets */; };
		2CE6511F208E007900E07B28 /* LaunchScreen.storyboard in Resources */ = {isa = PBXBuildFile; fileRef = 2CE6511D208E007900E07B28 /* LaunchScreen.storyboard */; };
		2CE65127208E138A00E07B28 /* AddPersonViewController.swift in Sources */ = {isa = PBXBuildFile; fileRef = 2CE65126208E138A00E07B28 /* AddPersonViewController.swift */; };
/* End PBXBuildFile section */

/* Begin PBXFileReference section */
		2CE6510E208E007900E07B28 /* Coredata Tutorial.app */ = {isa = PBXFileReference; explicitFileType = wrapper.application; includeInIndex = 0; path = "Coredata Tutorial.app"; sourceTree = BUILT_PRODUCTS_DIR; };
		2CE65111208E007900E07B28 /* AppDelegate.swift */ = {isa = PBXFileReference; lastKnownFileType = sourcecode.swift; path = AppDelegate.swift; sourceTree = "<group>"; };
		2CE65113208E007900E07B28 /* ViewController.swift */ = {isa = PBXFileReference; lastKnownFileType = sourcecode.swift; path = ViewController.swift; sourceTree = "<group>"; };
		2CE65116208E007900E07B28 /* Base */ = {isa = PBXFileReference; lastKnownFileType = file.storyboard; name = Base; path = Base.lproj/Main.storyboard; sourceTree = "<group>"; };
		2CE65119208E007900E07B28 /* Coredata_Tutorial.xcdatamodel */ = {isa = PBXFileReference; lastKnownFileType = wrapper.xcdatamodel; path = Coredata_Tutorial.xcdatamodel; sourceTree = "<group>"; };
		2CE6511B208E007900E07B28 /* Assets.xcassets */ = {isa = PBXFileReference; lastKnownFileType = folder.assetcatalog; path = Assets.xcassets; sourceTree = "<group>"; };
		2CE6511E208E007900E07B28 /* Base */ = {isa = PBXFileReference; lastKnownFileType = file.storyboard; name = Base; path = Base.lproj/LaunchScreen.storyboard; sourceTree = "<group>"; };
		2CE65120208E007900E07B28 /* Info.plist */ = {isa = PBXFileReference; lastKnownFileType = text.plist.xml; path = Info.plist; sourceTree = "<group>"; };
		2CE65126208E138A00E07B28 /* AddPersonViewController.swift */ = {isa = PBXFileReference; lastKnownFileType = sourcecode.swift; path = AddPersonViewController.swift; sourceTree = "<group>"; };
/* End PBXFileReference section */

/* Begin PBXFrameworksBuildPhase section */
		2CE6510B208E007900E07B28 /* Frameworks */ = {
			isa = PBXFrameworksBuildPhase;
			buildActionMask = 2147483647;
			files = (
			);
			runOnlyForDeploymentPostprocessing = 0;
		};
/* End PBXFrameworksBuildPhase section */

/* Begin PBXGroup section */
		2CE65105208E007900E07B28 = {
			isa = PBXGroup;
			children = (
				2CE65110208E007900E07B28 /* Coredata Tutorial */,
				2CE6510F208E007900E07B28 /* Products */,
			);
			sourceTree = "<group>";
		};
		2CE6510F208E007900E07B28 /* Products */ = {
			isa = PBXGroup;
			children = (
				2CE6510E208E007900E07B28 /* Coredata Tutorial.app */,
			);
			name = Products;
			sourceTree = "<group>";
		};
		2CE65110208E007900E07B28 /* Coredata Tutorial */ = {
			isa = PBXGroup;
			children = (
				2CE65111208E007900E07B28 /* AppDelegate.swift */,
				2CE65113208E007900E07B28 /* ViewController.swift */,
				2CE65126208E138A00E07B28 /* AddPersonViewController.swift */,
				2CE65115208E007900E07B28 /* Main.storyboard */,
				2CE6511B208E007900E07B28 /* Assets.xcassets */,
				2CE6511D208E007900E07B28 /* LaunchScreen.storyboard */,
				2CE65120208E007900E07B28 /* Info.plist */,
				2CE65118208E007900E07B28 /* Coredata_Tutorial.xcdatamodeld */,
			);
			path = "Coredata Tutorial";
			sourceTree = "<group>";
		};
/* End PBXGroup section */

/* Begin PBXNativeTarget section */
		2CE6510D208E007900E07B28 /* Coredata Tutorial */ = {
			isa = PBXNativeTarget;
			buildConfigurationList = 2CE65123208E007900E07B28 /* Build configuration list for PBXNativeTarget "Coredata Tutorial" */;
			buildPhases = (
				2CE6510A208E007900E07B28 /* Sources */,
				2CE6510B208E007900E07B28 /* Frameworks */,
				2CE6510C208E007900E07B28 /* Resources */,
			);
			buildRules = (
			);
			dependencies = (
			);
			name = "Coredata Tutorial";
			productName = "Coredata Tutorial";
			productReference = 2CE6510E208E007900E07B28 /* Coredata Tutorial.app */;
			productType = "com.apple.product-type.application";
		};
/* End PBXNativeTarget section */

/* Begin PBXProject section */
		2CE65106208E007900E07B28 /* Project object */ = {
			isa = PBXProject;
			attributes = {
				LastSwiftUpdateCheck = 0930;
				LastUpgradeCheck = 0930;
				ORGANIZATIONNAME = "Ricardo Champa";
				TargetAttributes = {
					2CE6510D208E007900E07B28 = {
						CreatedOnToolsVersion = 9.3;
					};
				};
			};
			buildConfigurationList = 2CE65109208E007900E07B28 /* Build configuration list for PBXProject "Coredata Tutorial" */;
			compatibilityVersion = "Xcode 9.3";
			developmentRegion = en;
			hasScannedForEncodings = 0;
			knownRegions = (
				en,
				Base,
			);
			mainGroup = 2CE65105208E007900E07B28;
			productRefGroup = 2CE6510F208E007900E07B28 /* Products */;
			projectDirPath = "";
			projectRoot = "";
			targets = (
				2CE6510D208E007900E07B28 /* Coredata Tutorial */,
			);
		};
/* End PBXProject section */

/* Begin PBXResourcesBuildPhase section */
		2CE6510C208E007900E07B28 /* Resources */ = {
			isa = PBXResourcesBuildPhase;
			buildActionMask = 2147483647;
			files = (
				2CE6511F208E007900E07B28 /* LaunchScreen.storyboard in Resources */,
				2CE6511C208E007900E07B28 /* Assets.xcassets in Resources */,
				2CE65117208E007900E07B28 /* Main.storyboard in Resources */,
			);
			runOnlyForDeploymentPostprocessing = 0;
		};
/* End PBXResourcesBuildPhase section */

/* Begin PBXSourcesBuildPhase section */
		2CE6510A208E007900E07B28 /* Sources */ = {
			isa = PBXSourcesBuildPhase;
			buildActionMask = 2147483647;
			files = (
				2CE65114208E007900E07B28 /* ViewController.swift in Sources */,
				2CE65112208E007900E07B28 /* AppDelegate.swift in Sources */,
				2CE6511A208E007900E07B28 /* Coredata_Tutorial.xcdatamodeld in Sources */,
				2CE65127208E138A00E07B28 /* AddPersonViewController.swift in Sources */,
			);
			runOnlyForDeploymentPostprocessing = 0;
		};
/* End PBXSourcesBuildPhase section */

/* Begin PBXVariantGroup section */
		2CE65115208E007900E07B28 /* Main.storyboard */ = {
			isa = PBXVariantGroup;
			children = (
				2CE65116208E007900E07B28 /* Base */,
			);
			name = Main.storyboard;
			sourceTree = "<group>";
		};
		2CE6511D208E007900E07B28 /* LaunchScreen.storyboard */ = {
			isa = PBXVariantGroup;
			children = (
				2CE6511E208E007900E07B28 /* Base */,
			);
			name = LaunchScreen.storyboard;
			sourceTree = "<group>";
		};
/* End PBXVariantGroup section */

/* Begin XCBuildConfiguration section */
		2CE65121208E007900E07B28 /* Debug */ = {
			isa = XCBuildConfiguration;
			buildSettings = {
				ALWAYS_SEARCH_USER_PATHS = NO;
				CLANG_ANALYZER_NONNULL = YES;
				CLANG_ANALYZER_NUMBER_OBJECT_CONVERSION = YES_AGGRESSIVE;
				CLANG_CXX_LANGUAGE_STANDARD = "gnu++14";
				CLANG_CXX_LIBRARY = "libc++";
				CLANG_ENABLE_MODULES = YES;
				CLANG_ENABLE_OBJC_ARC = YES;
				CLANG_ENABLE_OBJC_WEAK = YES;
				CLANG_WARN_BLOCK_CAPTURE_AUTORELEASING = YES;
				CLANG_WARN_BOOL_CONVERSION = YES;
				CLANG_WARN_COMMA = YES;
				CLANG_WARN_CONSTANT_CONVERSION = YES;
				CLANG_WARN_DEPRECATED_OBJC_IMPLEMENTATIONS = YES;
				CLANG_WARN_DIRECT_OBJC_ISA_USAGE = YES_ERROR;
				CLANG_WARN_DOCUMENTATION_COMMENTS = YES;
				CLANG_WARN_EMPTY_BODY = YES;
				CLANG_WARN_ENUM_CONVERSION = YES;
				CLANG_WARN_INFINITE_RECURSION = YES;
				CLANG_WARN_INT_CONVERSION = YES;
				CLANG_WARN_NON_LITERAL_NULL_CONVERSION = YES;
				CLANG_WARN_OBJC_IMPLICIT_RETAIN_SELF = YES;
				CLANG_WARN_OBJC_LITERAL_CONVERSION = YES;
				CLANG_WARN_OBJC_ROOT_CLASS = YES_ERROR;
				CLANG_WARN_RANGE_LOOP_ANALYSIS = YES;
				CLANG_WARN_STRICT_PROTOTYPES = YES;
				CLANG_WARN_SUSPICIOUS_MOVE = YES;
				CLANG_WARN_UNGUARDED_AVAILABILITY = YES_AGGRESSIVE;
				CLANG_WARN_UNREACHABLE_CODE = YES;
				CLANG_WARN__DUPLICATE_METHOD_MATCH = YES;
				CODE_SIGN_IDENTITY = "iPhone Developer";
				COPY_PHASE_STRIP = NO;
				DEBUG_INFORMATION_FORMAT = dwarf;
				ENABLE_STRICT_OBJC_MSGSEND = YES;
				ENABLE_TESTABILITY = YES;
				GCC_C_LANGUAGE_STANDARD = gnu11;
				GCC_DYNAMIC_NO_PIC = NO;
				GCC_NO_COMMON_BLOCKS = YES;
				GCC_OPTIMIZATION_LEVEL = 0;
				GCC_PREPROCESSOR_DEFINITIONS = (
					"DEBUG=1",
					"$(inherited)",
				);
				GCC_WARN_64_TO_32_BIT_CONVERSION = YES;
				GCC_WARN_ABOUT_RETURN_TYPE = YES_ERROR;
				GCC_WARN_UNDECLARED_SELECTOR = YES;
				GCC_WARN_UNINITIALIZED_AUTOS = YES_AGGRESSIVE;
				GCC_WARN_UNUSED_FUNCTION = YES;
				GCC_WARN_UNUSED_VARIABLE = YES;
				IPHONEOS_DEPLOYMENT_TARGET = 11.3;
				MTL_ENABLE_DEBUG_INFO = YES;
				ONLY_ACTIVE_ARCH = YES;
				SDKROOT = iphoneos;
				SWIFT_ACTIVE_COMPILATION_CONDITIONS = DEBUG;
				SWIFT_OPTIMIZATION_LEVEL = "-Onone";
			};
			name = Debug;
		};
		2CE65122208E007900E07B28 /* Release */ = {
			isa = XCBuildConfiguration;
			buildSettings = {
				ALWAYS_SEARCH_USER_PATHS = NO;
				CLANG_ANALYZER_NONNULL = YES;
				CLANG_ANALYZER_NUMBER_OBJECT_CONVERSION = YES_AGGRESSIVE;
				CLANG_CXX_LANGUAGE_STANDARD = "gnu++14";
				CLANG_CXX_LIBRARY = "libc++";
				CLANG_ENABLE_MODULES = YES;
				CLANG_ENABLE_OBJC_ARC = YES;
				CLANG_ENABLE_OBJC_WEAK = YES;
				CLANG_WARN_BLOCK_CAPTURE_AUTORELEASING = YES;
				CLANG_WARN_BOOL_CONVERSION = YES;
				CLANG_WARN_COMMA = YES;
				CLANG_WARN_CONSTANT_CONVERSION = YES;
				CLANG_WARN_DEPRECATED_OBJC_IMPLEMENTATIONS = YES;
				CLANG_WARN_DIRECT_OBJC_ISA_USAGE = YES_ERROR;
				CLANG_WARN_DOCUMENTATION_COMMENTS = YES;
				CLANG_WARN_EMPTY_BODY = YES;
				CLANG_WARN_ENUM_CONVERSION = YES;
				CLANG_WARN_INFINITE_RECURSION = YES;
				CLANG_WARN_INT_CONVERSION = YES;
				CLANG_WARN_NON_LITERAL_NULL_CONVERSION = YES;
				CLANG_WARN_OBJC_IMPLICIT_RETAIN_SELF = YES;
				CLANG_WARN_OBJC_LITERAL_CONVERSION = YES;
				CLANG_WARN_OBJC_ROOT_CLASS = YES_ERROR;
				CLANG_WARN_RANGE_LOOP_ANALYSIS = YES;
				CLANG_WARN_STRICT_PROTOTYPES = YES;
				CLANG_WARN_SUSPICIOUS_MOVE = YES;
				CLANG_WARN_UNGUARDED_AVAILABILITY = YES_AGGRESSIVE;
				CLANG_WARN_UNREACHABLE_CODE = YES;
				CLANG_WARN__DUPLICATE_METHOD_MATCH = YES;
				CODE_SIGN_IDENTITY = "iPhone Developer";
				COPY_PHASE_STRIP = NO;
				DEBUG_INFORMATION_FORMAT = "dwarf-with-dsym";
				ENABLE_NS_ASSERTIONS = NO;
				ENABLE_STRICT_OBJC_MSGSEND = YES;
				GCC_C_LANGUAGE_STANDARD = gnu11;
				GCC_NO_COMMON_BLOCKS = YES;
				GCC_WARN_64_TO_32_BIT_CONVERSION = YES;
				GCC_WARN_ABOUT_RETURN_TYPE = YES_ERROR;
				GCC_WARN_UNDECLARED_SELECTOR = YES;
				GCC_WARN_UNINITIALIZED_AUTOS = YES_AGGRESSIVE;
				GCC_WARN_UNUSED_FUNCTION = YES;
				GCC_WARN_UNUSED_VARIABLE = YES;
				IPHONEOS_DEPLOYMENT_TARGET = 11.3;
				MTL_ENABLE_DEBUG_INFO = NO;
				SDKROOT = iphoneos;
				SWIFT_COMPILATION_MODE = wholemodule;
				SWIFT_OPTIMIZATION_LEVEL = "-O";
				VALIDATE_PRODUCT = YES;
			};
			name = Release;
		};
		2CE65124208E007900E07B28 /* Debug */ = {
			isa = XCBuildConfiguration;
			buildSettings = {
				ASSETCATALOG_COMPILER_APPICON_NAME = AppIcon;
				CODE_SIGN_STYLE = Automatic;
				INFOPLIST_FILE = "Coredata Tutorial/Info.plist";
				LD_RUNPATH_SEARCH_PATHS = (
					"$(inherited)",
					"@executable_path/Frameworks",
				);
				PRODUCT_BUNDLE_IDENTIFIER = "es.ios.rchampa.tutorials.Coredata-Tutorial";
				PRODUCT_NAME = "$(TARGET_NAME)";
				SWIFT_VERSION = 4.0;
				TARGETED_DEVICE_FAMILY = "1,2";
			};
			name = Debug;
		};
		2CE65125208E007900E07B28 /* Release */ = {
			isa = XCBuildConfiguration;
			buildSettings = {
				ASSETCATALOG_COMPILER_APPICON_NAME = AppIcon;
				CODE_SIGN_STYLE = Automatic;
				INFOPLIST_FILE = "Coredata Tutorial/Info.plist";
				LD_RUNPATH_SEARCH_PATHS = (
					"$(inherited)",
					"@executable_path/Frameworks",
				);
				PRODUCT_BUNDLE_IDENTIFIER = "es.ios.rchampa.tutorials.Coredata-Tutorial";
				PRODUCT_NAME = "$(TARGET_NAME)";
				SWIFT_VERSION = 4.0;
				TARGETED_DEVICE_FAMILY = "1,2";
			};
			name = Release;
		};
/* End XCBuildConfiguration section */

/* Begin XCConfigurationList section */
		2CE65109208E007900E07B28 /* Build configuration list for PBXProject "Coredata Tutorial" */ = {
			isa = XCConfigurationList;
			buildConfigurations = (
				2CE65121208E007900E07B28 /* Debug */,
				2CE65122208E007900E07B28 /* Release */,
			);
			defaultConfigurationIsVisible = 0;
			defaultConfigurationName = Release;
		};
		2CE65123208E007900E07B28 /* Build configuration list for PBXNativeTarget "Coredata Tutorial" */ = {
			isa = XCConfigurationList;
			buildConfigurations = (
				2CE65124208E007900E07B28 /* Debug */,
				2CE65125208E007900E07B28 /* Release */,
			);
			defaultConfigurationIsVisible = 0;
			defaultConfigurationName = Release;
		};
/* End XCConfigurationList section */

/* Begin XCVersionGroup section */
		2CE65118208E007900E07B28 /* Coredata_Tutorial.xcdatamodeld */ = {
			isa = XCVersionGroup;
			children = (
				2CE65119208E007900E07B28 /* Coredata_Tutorial.xcdatamodel */,
			);
			currentVersion = 2CE65119208E007900E07B28 /* Coredata_Tutorial.xcdatamodel */;
			path = Coredata_Tutorial.xcdatamodeld;
			sourceTree = "<group>";
			versionGroupType = wrapper.xcdatamodel;
		};
/* End XCVersionGroup section */
	};
	rootObject = 2CE65106208E007900E07B28 /* Project object */;
}
